
Microsoft Visual Studio Solution File, Format Version 12.00
# Visual Studio Version 17
VisualStudioVersion = 17.7.34018.315
MinimumVisualStudioVersion = 10.0.40219.1
Project("{2150E333-8FDC-42A3-9474-1A3956D46DE8}") = "src", "src", "{116763D1-26BA-4428-B1E4-890F54E5EA9B}"
EndProject
Project("{2150E333-8FDC-42A3-9474-1A3956D46DE8}") = "test", "test", "{04194E6E-DE02-4675-B613-C305B59380AA}"
EndProject
Project("{2150E333-8FDC-42A3-9474-1A3956D46DE8}") = "Api", "Api", "{044EAE82-F829-4C25-9FDE-F408CD44F9F1}"
EndProject
Project("{2150E333-8FDC-42A3-9474-1A3956D46DE8}") = "Core", "Core", "{5FFF8C52-719E-4F99-B80A-9DB239C3B43E}"
EndProject
Project("{2150E333-8FDC-42A3-9474-1A3956D46DE8}") = "Infrastructure", "Infrastructure", "{2F6CE9E4-D188-499C-A31E-86AE59A0477E}"
EndProject
Project("{2150E333-8FDC-42A3-9474-1A3956D46DE8}") = "UI", "UI", "{19ECA95B-BC71-4AE9-9A23-4AE9B918644D}"
EndProject
Project("{9A19103F-16F7-4668-BE54-9A1E7A4F7556}") = "MCL.Domain", "src\Core\MCL.Domain\MCL.Domain.csproj", "{D3094D4B-9D09-420F-B0DA-3F5616CDD184}"
EndProject
Project("{9A19103F-16F7-4668-BE54-9A1E7A4F7556}") = "MCL.Application", "src\Core\MCL.Application\MCL.Application.csproj", "{11A0EC48-D899-4D7E-8077-CB0C7880F388}"
EndProject
Project("{9A19103F-16F7-4668-BE54-9A1E7A4F7556}") = "MCL.Infrastructure", "src\Infrastructure\MCL.Infrastructure\MCL.Infrastructure.csproj", "{4017D7AB-6B0F-47D6-951F-51992B4F568F}"
EndProject
Project("{9A19103F-16F7-4668-BE54-9A1E7A4F7556}") = "MCL.Persistence", "src\Infrastructure\MCL.Persistence\MCL.Persistence.csproj", "{9B946E68-E2F3-4BB3-BA01-70BAF19DF226}"
EndProject
Project("{9A19103F-16F7-4668-BE54-9A1E7A4F7556}") = "MCL.Api", "src\Api\MCL.Api\MCL.Api.csproj", "{8D1F1441-1006-4FCD-AACF-2610AAD3ACA4}"
EndProject
Project("{FAE04EC0-301F-11D3-BF4B-00C04F79EFBC}") = "MLC.Application.xUnitTest", "test\MLC.Application.xUnitTest\MLC.Application.xUnitTest.csproj", "{C1717FAE-EFB7-4939-9A79-A30CA6E0388E}"
EndProject
Project("{FAE04EC0-301F-11D3-BF4B-00C04F79EFBC}") = "MCL.Application.NUnitTest", "test\MCL.Application.NUnitTest\MCL.Application.NUnitTest.csproj", "{551BD501-E282-4C1D-93C5-7E0BD500744D}"
EndProject
Global
	GlobalSection(SolutionConfigurationPlatforms) = preSolution
		Debug|Any CPU = Debug|Any CPU
		Release|Any CPU = Release|Any CPU
	EndGlobalSection
	GlobalSection(ProjectConfigurationPlatforms) = postSolution
		{D3094D4B-9D09-420F-B0DA-3F5616CDD184}.Debug|Any CPU.ActiveCfg = Debug|Any CPU
		{D3094D4B-9D09-420F-B0DA-3F5616CDD184}.Debug|Any CPU.Build.0 = Debug|Any CPU
		{D3094D4B-9D09-420F-B0DA-3F5616CDD184}.Release|Any CPU.ActiveCfg = Release|Any CPU
		{D3094D4B-9D09-420F-B0DA-3F5616CDD184}.Release|Any CPU.Build.0 = Release|Any CPU
		{11A0EC48-D899-4D7E-8077-CB0C7880F388}.Debug|Any CPU.ActiveCfg = Debug|Any CPU
		{11A0EC48-D899-4D7E-8077-CB0C7880F388}.Debug|Any CPU.Build.0 = Debug|Any CPU
		{11A0EC48-D899-4D7E-8077-CB0C7880F388}.Release|Any CPU.ActiveCfg = Release|Any CPU
		{11A0EC48-D899-4D7E-8077-CB0C7880F388}.Release|Any CPU.Build.0 = Release|Any CPU
		{4017D7AB-6B0F-47D6-951F-51992B4F568F}.Debug|Any CPU.ActiveCfg = Debug|Any CPU
		{4017D7AB-6B0F-47D6-951F-51992B4F568F}.Debug|Any CPU.Build.0 = Debug|Any CPU
		{4017D7AB-6B0F-47D6-951F-51992B4F568F}.Release|Any CPU.ActiveCfg = Release|Any CPU
		{4017D7AB-6B0F-47D6-951F-51992B4F568F}.Release|Any CPU.Build.0 = Release|Any CPU
		{9B946E68-E2F3-4BB3-BA01-70BAF19DF226}.Debug|Any CPU.ActiveCfg = Debug|Any CPU
		{9B946E68-E2F3-4BB3-BA01-70BAF19DF226}.Debug|Any CPU.Build.0 = Debug|Any CPU
		{9B946E68-E2F3-4BB3-BA01-70BAF19DF226}.Release|Any CPU.ActiveCfg = Release|Any CPU
		{9B946E68-E2F3-4BB3-BA01-70BAF19DF226}.Release|Any CPU.Build.0 = Release|Any CPU
		{8D1F1441-1006-4FCD-AACF-2610AAD3ACA4}.Debug|Any CPU.ActiveCfg = Debug|Any CPU
		{8D1F1441-1006-4FCD-AACF-2610AAD3ACA4}.Debug|Any CPU.Build.0 = Debug|Any CPU
		{8D1F1441-1006-4FCD-AACF-2610AAD3ACA4}.Release|Any CPU.ActiveCfg = Release|Any CPU
		{8D1F1441-1006-4FCD-AACF-2610AAD3ACA4}.Release|Any CPU.Build.0 = Release|Any CPU
		{C1717FAE-EFB7-4939-9A79-A30CA6E0388E}.Debug|Any CPU.ActiveCfg = Debug|Any CPU
		{C1717FAE-EFB7-4939-9A79-A30CA6E0388E}.Debug|Any CPU.Build.0 = Debug|Any CPU
		{C1717FAE-EFB7-4939-9A79-A30CA6E0388E}.Release|Any CPU.ActiveCfg = Release|Any CPU
		{C1717FAE-EFB7-4939-9A79-A30CA6E0388E}.Release|Any CPU.Build.0 = Release|Any CPU
		{551BD501-E282-4C1D-93C5-7E0BD500744D}.Debug|Any CPU.ActiveCfg = Debug|Any CPU
		{551BD501-E282-4C1D-93C5-7E0BD500744D}.Debug|Any CPU.Build.0 = Debug|Any CPU
		{551BD501-E282-4C1D-93C5-7E0BD500744D}.Release|Any CPU.ActiveCfg = Release|Any CPU
		{551BD501-E282-4C1D-93C5-7E0BD500744D}.Release|Any CPU.Build.0 = Release|Any CPU
	EndGlobalSection
	GlobalSection(SolutionProperties) = preSolution
		HideSolutionNode = FALSE
	EndGlobalSection
	GlobalSection(NestedProjects) = preSolution
		{044EAE82-F829-4C25-9FDE-F408CD44F9F1} = {116763D1-26BA-4428-B1E4-890F54E5EA9B}
		{5FFF8C52-719E-4F99-B80A-9DB239C3B43E} = {116763D1-26BA-4428-B1E4-890F54E5EA9B}
		{2F6CE9E4-D188-499C-A31E-86AE59A0477E} = {116763D1-26BA-4428-B1E4-890F54E5EA9B}
		{19ECA95B-BC71-4AE9-9A23-4AE9B918644D} = {116763D1-26BA-4428-B1E4-890F54E5EA9B}
		{D3094D4B-9D09-420F-B0DA-3F5616CDD184} = {5FFF8C52-719E-4F99-B80A-9DB239C3B43E}
		{11A0EC48-D899-4D7E-8077-CB0C7880F388} = {5FFF8C52-719E-4F99-B80A-9DB239C3B43E}
		{4017D7AB-6B0F-47D6-951F-51992B4F568F} = {2F6CE9E4-D188-499C-A31E-86AE59A0477E}
		{9B946E68-E2F3-4BB3-BA01-70BAF19DF226} = {2F6CE9E4-D188-499C-A31E-86AE59A0477E}
		{8D1F1441-1006-4FCD-AACF-2610AAD3ACA4} = {044EAE82-F829-4C25-9FDE-F408CD44F9F1}
		{C1717FAE-EFB7-4939-9A79-A30CA6E0388E} = {04194E6E-DE02-4675-B613-C305B59380AA}
		{551BD501-E282-4C1D-93C5-7E0BD500744D} = {04194E6E-DE02-4675-B613-C305B59380AA}
	EndGlobalSection
	GlobalSection(ExtensibilityGlobals) = postSolution
		SolutionGuid = {7EF0D043-7AAA-46F6-890D-77E232D670CD}
	EndGlobalSection
EndGlobal
