
Microsoft Visual Studio Solution File, Format Version 12.00
# Visual Studio Version 17
VisualStudioVersion = 17.1.32421.90
MinimumVisualStudioVersion = 10.0.40219.1
Project("{2150E333-8FDC-42A3-9474-1A3956D46DE8}") = "Src", "Src", "{0770FED5-54A5-4264-A2FD-7E9B18DDB65A}"
EndProject
Project("{2150E333-8FDC-42A3-9474-1A3956D46DE8}") = "Test", "Test", "{16D83888-E05A-4209-8300-D0DB73D7CF46}"
EndProject
Project("{2150E333-8FDC-42A3-9474-1A3956D46DE8}") = "Desc", "Desc", "{4AE6DE5D-019F-4B4B-99DD-18C9605F8E05}"
EndProject
Project("{2150E333-8FDC-42A3-9474-1A3956D46DE8}") = "Web", "Web", "{0BA91C8D-A8DE-45D8-AA66-495C90BDF705}"
EndProject
Project("{2150E333-8FDC-42A3-9474-1A3956D46DE8}") = "Infrastructure", "Infrastructure", "{C40740CC-BF99-40B4-B131-BDF04F619ACB}"
EndProject
Project("{2150E333-8FDC-42A3-9474-1A3956D46DE8}") = "Domain", "Domain", "{1F50F641-027B-421C-89D3-B6F89C233F2B}"
EndProject
Project("{2150E333-8FDC-42A3-9474-1A3956D46DE8}") = "Application", "Application", "{6784EC80-022D-40AA-96C9-250CBA2D4CA5}"
EndProject
Project("{2150E333-8FDC-42A3-9474-1A3956D46DE8}") = "UnitTest", "UnitTest", "{DC55E5DE-0D49-42EA-B842-CE22DD35369F}"
EndProject
Project("{2150E333-8FDC-42A3-9474-1A3956D46DE8}") = "IntegrationTest", "IntegrationTest", "{E1E521ED-2D14-4C9E-91B6-625359D1A157}"
EndProject
Project("{FAE04EC0-301F-11D3-BF4B-00C04F79EFBC}") = "Solution.Web", "Src\Web\Solution.Web\Solution.Web.csproj", "{4D7A1376-1D0F-4219-99C4-F571BABFB214}"
EndProject
Project("{FAE04EC0-301F-11D3-BF4B-00C04F79EFBC}") = "Solution.Domain", "Src\Domain\Solution.Domain\Solution.Domain.csproj", "{D3AE1A2F-411D-454E-81AA-1E1B536DD40A}"
EndProject
Project("{FAE04EC0-301F-11D3-BF4B-00C04F79EFBC}") = "Solution.Application", "Src\Application\Solution.Application\Solution.Application.csproj", "{E7CD010F-4139-4272-8851-4D60EB48FD76}"
EndProject
Project("{FAE04EC0-301F-11D3-BF4B-00C04F79EFBC}") = "Solution.Infrastructure", "Src\Infrastructure\Solution.Infrastructure\Solution.Infrastructure.csproj", "{C078011C-43F9-40C7-A39C-FA1126C46724}"
EndProject
Global
	GlobalSection(SolutionConfigurationPlatforms) = preSolution
		Debug|Any CPU = Debug|Any CPU
		Release|Any CPU = Release|Any CPU
	EndGlobalSection
	GlobalSection(ProjectConfigurationPlatforms) = postSolution
		{4D7A1376-1D0F-4219-99C4-F571BABFB214}.Debug|Any CPU.ActiveCfg = Debug|Any CPU
		{4D7A1376-1D0F-4219-99C4-F571BABFB214}.Debug|Any CPU.Build.0 = Debug|Any CPU
		{4D7A1376-1D0F-4219-99C4-F571BABFB214}.Release|Any CPU.ActiveCfg = Release|Any CPU
		{4D7A1376-1D0F-4219-99C4-F571BABFB214}.Release|Any CPU.Build.0 = Release|Any CPU
		{D3AE1A2F-411D-454E-81AA-1E1B536DD40A}.Debug|Any CPU.ActiveCfg = Debug|Any CPU
		{D3AE1A2F-411D-454E-81AA-1E1B536DD40A}.Debug|Any CPU.Build.0 = Debug|Any CPU
		{D3AE1A2F-411D-454E-81AA-1E1B536DD40A}.Release|Any CPU.ActiveCfg = Release|Any CPU
		{D3AE1A2F-411D-454E-81AA-1E1B536DD40A}.Release|Any CPU.Build.0 = Release|Any CPU
		{E7CD010F-4139-4272-8851-4D60EB48FD76}.Debug|Any CPU.ActiveCfg = Debug|Any CPU
		{E7CD010F-4139-4272-8851-4D60EB48FD76}.Debug|Any CPU.Build.0 = Debug|Any CPU
		{E7CD010F-4139-4272-8851-4D60EB48FD76}.Release|Any CPU.ActiveCfg = Release|Any CPU
		{E7CD010F-4139-4272-8851-4D60EB48FD76}.Release|Any CPU.Build.0 = Release|Any CPU
		{C078011C-43F9-40C7-A39C-FA1126C46724}.Debug|Any CPU.ActiveCfg = Debug|Any CPU
		{C078011C-43F9-40C7-A39C-FA1126C46724}.Debug|Any CPU.Build.0 = Debug|Any CPU
		{C078011C-43F9-40C7-A39C-FA1126C46724}.Release|Any CPU.ActiveCfg = Release|Any CPU
		{C078011C-43F9-40C7-A39C-FA1126C46724}.Release|Any CPU.Build.0 = Release|Any CPU
	EndGlobalSection
	GlobalSection(SolutionProperties) = preSolution
		HideSolutionNode = FALSE
	EndGlobalSection
	GlobalSection(NestedProjects) = preSolution
		{0BA91C8D-A8DE-45D8-AA66-495C90BDF705} = {0770FED5-54A5-4264-A2FD-7E9B18DDB65A}
		{C40740CC-BF99-40B4-B131-BDF04F619ACB} = {0770FED5-54A5-4264-A2FD-7E9B18DDB65A}
		{1F50F641-027B-421C-89D3-B6F89C233F2B} = {0770FED5-54A5-4264-A2FD-7E9B18DDB65A}
		{6784EC80-022D-40AA-96C9-250CBA2D4CA5} = {0770FED5-54A5-4264-A2FD-7E9B18DDB65A}
		{DC55E5DE-0D49-42EA-B842-CE22DD35369F} = {16D83888-E05A-4209-8300-D0DB73D7CF46}
		{E1E521ED-2D14-4C9E-91B6-625359D1A157} = {16D83888-E05A-4209-8300-D0DB73D7CF46}
		{4D7A1376-1D0F-4219-99C4-F571BABFB214} = {0BA91C8D-A8DE-45D8-AA66-495C90BDF705}
		{D3AE1A2F-411D-454E-81AA-1E1B536DD40A} = {1F50F641-027B-421C-89D3-B6F89C233F2B}
		{E7CD010F-4139-4272-8851-4D60EB48FD76} = {6784EC80-022D-40AA-96C9-250CBA2D4CA5}
		{C078011C-43F9-40C7-A39C-FA1126C46724} = {C40740CC-BF99-40B4-B131-BDF04F619ACB}
	EndGlobalSection
	GlobalSection(ExtensibilityGlobals) = postSolution
		SolutionGuid = {94BB7A0F-668E-4E6A-9044-94B71DFBD45E}
	EndGlobalSection
EndGlobal
